
Microsoft Visual Studio Solution File, Format Version 12.00
# Visual Studio Version 16
VisualStudioVersion = 16.0.29411.108
MinimumVisualStudioVersion = 10.0.40219.1
Project("{FAE04EC0-301F-11D3-BF4B-00C04F79EFBC}") = "TestDeğerlendirmeUygulaması-kou", "TestDeğerlendirmeUygulaması-kou\TestDeğerlendirmeUygulaması-kou.csproj", "{9C99EBD7-C6A6-4767-9AB7-33D60C868B69}"
EndProject
Global
	GlobalSection(SolutionConfigurationPlatforms) = preSolution
		Debug|Any CPU = Debug|Any CPU
		Release|Any CPU = Release|Any CPU
	EndGlobalSection
	GlobalSection(ProjectConfigurationPlatforms) = postSolution
		{9C99EBD7-C6A6-4767-9AB7-33D60C868B69}.Debug|Any CPU.ActiveCfg = Debug|Any CPU
		{9C99EBD7-C6A6-4767-9AB7-33D60C868B69}.Debug|Any CPU.Build.0 = Debug|Any CPU
		{9C99EBD7-C6A6-4767-9AB7-33D60C868B69}.Release|Any CPU.ActiveCfg = Release|Any CPU
		{9C99EBD7-C6A6-4767-9AB7-33D60C868B69}.Release|Any CPU.Build.0 = Release|Any CPU
	EndGlobalSection
	GlobalSection(SolutionProperties) = preSolution
		HideSolutionNode = FALSE
	EndGlobalSection
	GlobalSection(ExtensibilityGlobals) = postSolution
		SolutionGuid = {D5EA0D6A-1410-49B3-9E2A-50DED136ACBE}
	EndGlobalSection
	GlobalSection(TeamFoundationVersionControl) = preSolution
		SccNumberOfProjects = 2
		SccEnterpriseProvider = {4CA58AB2-18FA-4F8D-95D4-32DDF27D184C}
		SccTeamFoundationServer = https://dev.azure.com/kdidem99
		SccLocalPath0 = .
		SccProjectUniqueName1 = TestDeğerlendirmeUygulaması-kou\\TestDeğerlendirmeUygulaması-kou.csproj
		SccProjectName1 = TestDeğerlendirmeUygulaması-kou
		SccLocalPath1 = TestDeğerlendirmeUygulaması-kou
	EndGlobalSection
EndGlobal
